lockfileVersion: '6.0'

settings:
  autoInstallPeers: true
  excludeLinksFromLockfile: false

dependencies:
  simple-oauth2:
    specifier: ^5.0.0
    version: 5.0.0

devDependencies:
  dotenv:
    specifier: ^16.3.1
    version: 16.3.1

packages:

  /@hapi/boom@10.0.1:
    resolution: {integrity: sha512-ERcCZaEjdH3OgSJlyjVk8pHIFeus91CjKP3v+MpgBNp5IvGzP2l/bRiD78nqYcKPaZdbKkK5vDBVPd2ohHBlsA==}
    dependencies:
      '@hapi/hoek': 11.0.2
    dev: false

  /@hapi/bourne@3.0.0:
    resolution: {integrity: sha512-Waj1cwPXJDucOib4a3bAISsKJVb15MKi9IvmTI/7ssVEm6sywXGjVJDhl6/umt1pK1ZS7PacXU3A1PmFKHEZ2w==}
    dev: false

  /@hapi/hoek@10.0.1:
    resolution: {integrity: sha512-CvlW7jmOhWzuqOqiJQ3rQVLMcREh0eel4IBnxDx2FAcK8g7qoJRQK4L1CPBASoCY6y8e6zuCy3f2g+HWdkzcMw==}
    dev: false

  /@hapi/hoek@11.0.2:
    resolution: {integrity: sha512-aKmlCO57XFZ26wso4rJsW4oTUnrgTFw2jh3io7CAtO9w4UltBNwRXvXIVzzyfkaaLRo3nluP/19msA8vDUUuKw==}
    dev: false

  /@hapi/hoek@9.3.0:
    resolution: {integrity: sha512-/c6rf4UJlmHlC9b5BaNvzAcFv7HZ2QHaV0D4/HNlBdvFnvQq8RI4kYdhyPCl7Xj+oWvTWQ8ujhqS53LIgAe6KQ==}
    dev: false

  /@hapi/topo@5.1.0:
    resolution: {integrity: sha512-foQZKJig7Ob0BMAYBfcJk8d77QtOe7Wo4ox7ff1lQYoNNAb6jwcY1ncdoy2e9wQZzvNy7ODZCYJkK8kzmcAnAg==}
    dependencies:
      '@hapi/hoek': 9.3.0
    dev: false

  /@hapi/wreck@18.0.1:
    resolution: {integrity: sha512-OLHER70+rZxvDl75xq3xXOfd3e8XIvz8fWY0dqg92UvhZ29zo24vQgfqgHSYhB5ZiuFpSLeriOisAlxAo/1jWg==}
    dependencies:
      '@hapi/boom': 10.0.1
      '@hapi/bourne': 3.0.0
      '@hapi/hoek': 11.0.2
    dev: false

  /@sideway/address@4.1.4:
    resolution: {integrity: sha512-7vwq+rOHVWjyXxVlR76Agnvhy8I9rpzjosTESvmhNeXOXdZZB15Fl+TI9x1SiHZH5Jv2wTGduSxFDIaq0m3DUw==}
    dependencies:
      '@hapi/hoek': 9.3.0
    dev: false

  /@sideway/formula@3.0.1:
    resolution: {integrity: sha512-/poHZJJVjx3L+zVD6g9KgHfYnb443oi7wLu/XKojDviHy6HOEOA6z1Trk5aR1dGcmPenJEgb2sK2I80LeS3MIg==}
    dev: false

  /@sideway/pinpoint@2.0.0:
    resolution: {integrity: sha512-RNiOoTPkptFtSVzQevY/yWtZwf/RxyVnPy/OcA9HBM3MlGDnBEYL5B41H0MTn0Uec8Hi+2qUtTfG2WWZBmMejQ==}
    dev: false

  /debug@4.3.4:
    resolution: {integrity: sha512-PRWFHuSU3eDtQJPvnNY7Jcket1j0t5OuOsFzPPzsekD52Zl8qUfFIPEiswXqIvHWGVHOgX+7G/vCNNhehwxfkQ==}
    engines: {node: '>=6.0'}
    peerDependencies:
      supports-color: '*'
    peerDependenciesMeta:
      supports-color:
        optional: true
    dependencies:
      ms: 2.1.2
    dev: false

  /dotenv@16.3.1:
    resolution: {integrity: sha512-IPzF4w4/Rd94bA9imS68tZBaYyBWSCE47V1RGuMrB94iyTOIEwRmVL2x/4An+6mETpLrKJ5hQkB8W4kFAadeIQ==}
    engines: {node: '>=12'}
    dev: true

  /joi@17.9.2:
    resolution: {integrity: sha512-Itk/r+V4Dx0V3c7RLFdRh12IOjySm2/WGPMubBT92cQvRfYZhPM2W0hZlctjj72iES8jsRCwp7S/cRmWBnJ4nw==}
    dependencies:
      '@hapi/hoek': 9.3.0
      '@hapi/topo': 5.1.0
      '@sideway/address': 4.1.4
      '@sideway/formula': 3.0.1
      '@sideway/pinpoint': 2.0.0
    dev: false

  /ms@2.1.2:
    resolution: {integrity: sha512-sGkPx+VjMtmA6MX27oA4FBFELFCZZ4S4XqeGOXCv68tT+jb3vk/RyaKWP0PTKyWtmLSM0b+adUTEvbs1PEaH2w==}
    dev: false

  /simple-oauth2@5.0.0:
    resolution: {integrity: sha512-8291lo/z5ZdpmiOFzOs1kF3cxn22bMj5FFH+DNUppLJrpoIlM1QnFiE7KpshHu3J3i21TVcx4yW+gXYjdCKDLQ==}
    dependencies:
      '@hapi/hoek': 10.0.1
      '@hapi/wreck': 18.0.1
      debug: 4.3.4
      joi: 17.9.2
    transitivePeerDependencies:
      - supports-color
    dev: false
